
Microsoft Visual Studio Solution File, Format Version 12.00
# Visual Studio 15
VisualStudioVersion = 15.0.27130.2010
MinimumVisualStudioVersion = 10.0.40219.1
Project("{FAE04EC0-301F-11D3-BF4B-00C04F79EFBC}") = "LightbringerApiPort", "Lightbringer\LightbringerApiPort.csproj", "{AC3F861C-34E8-426E-BB02-390E53440529}"
EndProject
Global
	GlobalSection(SolutionConfigurationPlatforms) = preSolution
		Debug|Any CPU = Debug|Any CPU
		Release|Any CPU = Release|Any CPU
	EndGlobalSection
	GlobalSection(ProjectConfigurationPlatforms) = postSolution
		{AC3F861C-34E8-426E-BB02-390E53440529}.Debug|Any CPU.ActiveCfg = Debug|Any CPU
		{AC3F861C-34E8-426E-BB02-390E53440529}.Debug|Any CPU.Build.0 = Debug|Any CPU
		{AC3F861C-34E8-426E-BB02-390E53440529}.Release|Any CPU.ActiveCfg = Release|Any CPU
		{AC3F861C-34E8-426E-BB02-390E53440529}.Release|Any CPU.Build.0 = Release|Any CPU
	EndGlobalSection
	GlobalSection(SolutionProperties) = preSolution
		HideSolutionNode = FALSE
	EndGlobalSection
	GlobalSection(ExtensibilityGlobals) = postSolution
		SolutionGuid = {172DF3AD-3BCE-4DB0-95DB-26322E374445}
	EndGlobalSection
EndGlobal
